{
  "name": "content-gen",
  "version": "1.0.0",
  "lockfileVersion": 3,
  "requires": true,
  "packages": {
    "": {
      "name": "content-gen",
      "version": "1.0.0",
      "license": "ISC",
      "devDependencies": {
        "@playwright/test": "^1.32.3",
        "@types/node": "^22.5.4",
        "fs": "0.0.1-security",
        "path": "^0.12.7"
      }
    },
    "../node_modules/.pnpm/@playwright+test@1.45.2/node_modules/@playwright/test": {
      "version": "1.45.2",
      "dev": true,
      "license": "Apache-2.0",
      "dependencies": {
        "playwright": "1.45.2"
      },
      "bin": {
        "playwright": "cli.js"
      },
      "engines": {
        "node": ">=18"
      }
    },
    "../node_modules/.pnpm/fs@0.0.1-security/node_modules/fs": {
      "version": "0.0.1-security",
      "dev": true,
      "license": "ISC"
    },
    "../node_modules/.pnpm/path@0.12.7/node_modules/path": {
      "version": "0.12.7",
      "dev": true,
      "license": "MIT",
      "dependencies": {
        "process": "^0.11.1",
        "util": "^0.10.3"
      }
    },
    "node_modules/@playwright/test": {
      "resolved": "../node_modules/.pnpm/@playwright+test@1.45.2/node_modules/@playwright/test",
      "link": true
    },
    "node_modules/@types/node": {
      "version": "22.5.4",
      "resolved": "https://registry.npmjs.org/@types/node/-/node-22.5.4.tgz",
      "integrity": "sha512-FDuKUJQm/ju9fT/SeX/6+gBzoPzlVCzfzmGkwKvRHQVxi4BntVbyIwf6a4Xn62mrvndLiml6z/UBXIdEVjQLXg==",
      "dev": true,
      "dependencies": {
        "undici-types": "~6.19.2"
      }
    },
    "node_modules/fs": {
      "resolved": "../node_modules/.pnpm/fs@0.0.1-security/node_modules/fs",
      "link": true
    },
    "node_modules/path": {
      "resolved": "../node_modules/.pnpm/path@0.12.7/node_modules/path",
      "link": true
    },
    "node_modules/undici-types": {
      "version": "6.19.8",
      "resolved": "https://registry.npmjs.org/undici-types/-/undici-types-6.19.8.tgz",
      "integrity": "sha512-ve2KP6f/JnbPBFyobGHuerC9g1FYGn/F8n1LWTwNxCEzd6IfqTwUQcNXgEtmmQ6DlRrC1hrSrBnCZPokRrDHjw==",
      "dev": true
    }
  }
}
